
Microsoft Visual Studio Solution File, Format Version 12.00
# Visual Studio Version 17
VisualStudioVersion = 17.4.33213.308
MinimumVisualStudioVersion = 10.0.40219.1
Project("{FAE04EC0-301F-11D3-BF4B-00C04F79EFBC}") = "API", "API\API.csproj", "{C3F89C8E-DD41-491E-9019-4036D81B1ED0}"
EndProject
Project("{FAE04EC0-301F-11D3-BF4B-00C04F79EFBC}") = "Infrastructure", "Infrastructure\Infrastructure.csproj", "{C806292E-E257-439F-A86D-8808CA1F1425}"
EndProject
Project("{FAE04EC0-301F-11D3-BF4B-00C04F79EFBC}") = "Core", "Core\Core.csproj", "{35C5544E-DE5B-4894-9167-806DAB089F7E}"
EndProject
Global
	GlobalSection(SolutionConfigurationPlatforms) = preSolution
		Debug|Any CPU = Debug|Any CPU
		Release|Any CPU = Release|Any CPU
	EndGlobalSection
	GlobalSection(ProjectConfigurationPlatforms) = postSolution
		{C3F89C8E-DD41-491E-9019-4036D81B1ED0}.Debug|Any CPU.ActiveCfg = Debug|Any CPU
		{C3F89C8E-DD41-491E-9019-4036D81B1ED0}.Debug|Any CPU.Build.0 = Debug|Any CPU
		{C3F89C8E-DD41-491E-9019-4036D81B1ED0}.Release|Any CPU.ActiveCfg = Release|Any CPU
		{C3F89C8E-DD41-491E-9019-4036D81B1ED0}.Release|Any CPU.Build.0 = Release|Any CPU
		{C806292E-E257-439F-A86D-8808CA1F1425}.Debug|Any CPU.ActiveCfg = Debug|Any CPU
		{C806292E-E257-439F-A86D-8808CA1F1425}.Debug|Any CPU.Build.0 = Debug|Any CPU
		{C806292E-E257-439F-A86D-8808CA1F1425}.Release|Any CPU.ActiveCfg = Release|Any CPU
		{C806292E-E257-439F-A86D-8808CA1F1425}.Release|Any CPU.Build.0 = Release|Any CPU
		{35C5544E-DE5B-4894-9167-806DAB089F7E}.Debug|Any CPU.ActiveCfg = Debug|Any CPU
		{35C5544E-DE5B-4894-9167-806DAB089F7E}.Debug|Any CPU.Build.0 = Debug|Any CPU
		{35C5544E-DE5B-4894-9167-806DAB089F7E}.Release|Any CPU.ActiveCfg = Release|Any CPU
		{35C5544E-DE5B-4894-9167-806DAB089F7E}.Release|Any CPU.Build.0 = Release|Any CPU
	EndGlobalSection
	GlobalSection(SolutionProperties) = preSolution
		HideSolutionNode = FALSE
	EndGlobalSection
	GlobalSection(ExtensibilityGlobals) = postSolution
		SolutionGuid = {963897A5-2F3D-4CD9-A3ED-A339F8C170C2}
	EndGlobalSection
EndGlobal
